// !$*UTF8*$!
{
	archiveVersion = 1;
	classes = {
	};
	objectVersion = 50;
	objects = {

/* Begin PBXBuildFile section */
		06AA458A2246EAAC00D6B936 /* SignInButtonClass.swift in Sources */ = {isa = PBXBuildFile; fileRef = 06AA45892246EAAC00D6B936 /* SignInButtonClass.swift */; };
		2B3DE0BB22463DBB004FEAB6 /* AppDelegate.swift in Sources */ = {isa = PBXBuildFile; fileRef = 2B3DE0BA22463DBB004FEAB6 /* AppDelegate.swift */; };
		2B3DE0BD22463DBB004FEAB6 /* ViewController.swift in Sources */ = {isa = PBXBuildFile; fileRef = 2B3DE0BC22463DBB004FEAB6 /* ViewController.swift */; };
		2B3DE0C322463DBB004FEAB6 /* testClient.xcdatamodeld in Sources */ = {isa = PBXBuildFile; fileRef = 2B3DE0C122463DBB004FEAB6 /* testClient.xcdatamodeld */; };
		2B3DE0C522463DBC004FEAB6 /* Assets.xcassets in Resources */ = {isa = PBXBuildFile; fileRef = 2B3DE0C422463DBC004FEAB6 /* Assets.xcassets */; };
		2B3DE0C822463DBC004FEAB6 /* LaunchScreen.storyboard in Resources */ = {isa = PBXBuildFile; fileRef = 2B3DE0C622463DBC004FEAB6 /* LaunchScreen.storyboard */; };
		2B3DE0D222464724004FEAB6 /* Main.storyboard in Resources */ = {isa = PBXBuildFile; fileRef = 2B3DE0D122464724004FEAB6 /* Main.storyboard */; };
/* End PBXBuildFile section */

/* Begin PBXFileReference section */
		06AA45892246EAAC00D6B936 /* SignInButtonClass.swift */ = {isa = PBXFileReference; lastKnownFileType = sourcecode.swift; path = SignInButtonClass.swift; sourceTree = "<group>"; };
		2B3DE0B722463DBB004FEAB6 /* testClient.app */ = {isa = PBXFileReference; explicitFileType = wrapper.application; includeInIndex = 0; path = testClient.app; sourceTree = BUILT_PRODUCTS_DIR; };
		2B3DE0BA22463DBB004FEAB6 /* AppDelegate.swift */ = {isa = PBXFileReference; lastKnownFileType = sourcecode.swift; path = AppDelegate.swift; sourceTree = "<group>"; };
		2B3DE0BC22463DBB004FEAB6 /* ViewController.swift */ = {isa = PBXFileReference; lastKnownFileType = sourcecode.swift; path = ViewController.swift; sourceTree = "<group>"; };
		2B3DE0C222463DBB004FEAB6 /* testClient.xcdatamodel */ = {isa = PBXFileReference; lastKnownFileType = wrapper.xcdatamodel; path = testClient.xcdatamodel; sourceTree = "<group>"; };
		2B3DE0C422463DBC004FEAB6 /* Assets.xcassets */ = {isa = PBXFileReference; lastKnownFileType = folder.assetcatalog; path = Assets.xcassets; sourceTree = "<group>"; };
		2B3DE0C722463DBC004FEAB6 /* Base */ = {isa = PBXFileReference; lastKnownFileType = file.storyboard; name = Base; path = Base.lproj/LaunchScreen.storyboard; sourceTree = "<group>"; };
		2B3DE0C922463DBC004FEAB6 /* Info.plist */ = {isa = PBXFileReference; lastKnownFileType = text.plist.xml; path = Info.plist; sourceTree = "<group>"; };
		2B3DE0D122464724004FEAB6 /* Main.storyboard */ = {isa = PBXFileReference; fileEncoding = 4; lastKnownFileType = file.storyboard; path = Main.storyboard; sourceTree = "<group>"; };
/* End PBXFileReference section */

/* Begin PBXFrameworksBuildPhase section */
		2B3DE0B422463DBB004FEAB6 /* Frameworks */ = {
			isa = PBXFrameworksBuildPhase;
			buildActionMask = 2147483647;
			files = (
			);
			runOnlyForDeploymentPostprocessing = 0;
		};
/* End PBXFrameworksBuildPhase section */

/* Begin PBXGroup section */
		2B3DE0AE22463DBB004FEAB6 = {
			isa = PBXGroup;
			children = (
				2B3DE0B922463DBB004FEAB6 /* testClient */,
				2B3DE0B822463DBB004FEAB6 /* Products */,
			);
			sourceTree = "<group>";
		};
		2B3DE0B822463DBB004FEAB6 /* Products */ = {
			isa = PBXGroup;
			children = (
				2B3DE0B722463DBB004FEAB6 /* testClient.app */,
			);
			name = Products;
			sourceTree = "<group>";
		};
		2B3DE0B922463DBB004FEAB6 /* testClient */ = {
			isa = PBXGroup;
			children = (
				2B3DE0BA22463DBB004FEAB6 /* AppDelegate.swift */,
				2B3DE0BC22463DBB004FEAB6 /* ViewController.swift */,
				2B3DE0D122464724004FEAB6 /* Main.storyboard */,
				2B3DE0C422463DBC004FEAB6 /* Assets.xcassets */,
				2B3DE0C622463DBC004FEAB6 /* LaunchScreen.storyboard */,
				2B3DE0C922463DBC004FEAB6 /* Info.plist */,
				2B3DE0C122463DBB004FEAB6 /* testClient.xcdatamodeld */,
				06AA45892246EAAC00D6B936 /* SignInButtonClass.swift */,
			);
			path = testClient;
			sourceTree = "<group>";
		};
/* End PBXGroup section */

/* Begin PBXNativeTarget section */
		2B3DE0B622463DBB004FEAB6 /* testClient */ = {
			isa = PBXNativeTarget;
			buildConfigurationList = 2B3DE0CC22463DBC004FEAB6 /* Build configuration list for PBXNativeTarget "testClient" */;
			buildPhases = (
				2B3DE0B322463DBB004FEAB6 /* Sources */,
				2B3DE0B422463DBB004FEAB6 /* Frameworks */,
				2B3DE0B522463DBB004FEAB6 /* Resources */,
			);
			buildRules = (
			);
			dependencies = (
			);
			name = testClient;
			productName = testClient;
			productReference = 2B3DE0B722463DBB004FEAB6 /* testClient.app */;
			productType = "com.apple.product-type.application";
		};
/* End PBXNativeTarget section */

/* Begin PBXProject section */
		2B3DE0AF22463DBB004FEAB6 /* Project object */ = {
			isa = PBXProject;
			attributes = {
				LastSwiftUpdateCheck = 1010;
				LastUpgradeCheck = 1010;
				ORGANIZATIONNAME = b0ysa;
				TargetAttributes = {
					2B3DE0B622463DBB004FEAB6 = {
						CreatedOnToolsVersion = 10.1;
					};
				};
			};
			buildConfigurationList = 2B3DE0B222463DBB004FEAB6 /* Build configuration list for PBXProject "testClient" */;
			compatibilityVersion = "Xcode 9.3";
			developmentRegion = en;
			hasScannedForEncodings = 0;
			knownRegions = (
				en,
				Base,
			);
			mainGroup = 2B3DE0AE22463DBB004FEAB6;
			productRefGroup = 2B3DE0B822463DBB004FEAB6 /* Products */;
			projectDirPath = "";
			projectRoot = "";
			targets = (
				2B3DE0B622463DBB004FEAB6 /* testClient */,
			);
		};
/* End PBXProject section */

/* Begin PBXResourcesBuildPhase section */
		2B3DE0B522463DBB004FEAB6 /* Resources */ = {
			isa = PBXResourcesBuildPhase;
			buildActionMask = 2147483647;
			files = (
				2B3DE0D222464724004FEAB6 /* Main.storyboard in Resources */,
				2B3DE0C822463DBC004FEAB6 /* LaunchScreen.storyboard in Resources */,
				2B3DE0C522463DBC004FEAB6 /* Assets.xcassets in Resources */,
			);
			runOnlyForDeploymentPostprocessing = 0;
		};
/* End PBXResourcesBuildPhase section */

/* Begin PBXSourcesBuildPhase section */
		2B3DE0B322463DBB004FEAB6 /* Sources */ = {
			isa = PBXSourcesBuildPhase;
			buildActionMask = 2147483647;
			files = (
				06AA458A2246EAAC00D6B936 /* SignInButtonClass.swift in Sources */,
				2B3DE0BD22463DBB004FEAB6 /* ViewController.swift in Sources */,
				2B3DE0C322463DBB004FEAB6 /* testClient.xcdatamodeld in Sources */,
				2B3DE0BB22463DBB004FEAB6 /* AppDelegate.swift in Sources */,
			);
			runOnlyForDeploymentPostprocessing = 0;
		};
/* End PBXSourcesBuildPhase section */

/* Begin PBXVariantGroup section */
		2B3DE0C622463DBC004FEAB6 /* LaunchScreen.storyboard */ = {
			isa = PBXVariantGroup;
			children = (
				2B3DE0C722463DBC004FEAB6 /* Base */,
			);
			name = LaunchScreen.storyboard;
			sourceTree = "<group>";
		};
/* End PBXVariantGroup section */

/* Begin XCBuildConfiguration section */
		2B3DE0CA22463DBC004FEAB6 /* Debug */ = {
			isa = XCBuildConfiguration;
			buildSettings = {
				ALWAYS_SEARCH_USER_PATHS = NO;
				CLANG_ANALYZER_NONNULL = YES;
				CLANG_ANALYZER_NUMBER_OBJECT_CONVERSION = YES_AGGRESSIVE;
				CLANG_CXX_LANGUAGE_STANDARD = "gnu++14";
				CLANG_CXX_LIBRARY = "libc++";
				CLANG_ENABLE_MODULES = YES;
				CLANG_ENABLE_OBJC_ARC = YES;
				CLANG_ENABLE_OBJC_WEAK = YES;
				CLANG_WARN_BLOCK_CAPTURE_AUTORELEASING = YES;
				CLANG_WARN_BOOL_CONVERSION = YES;
				CLANG_WARN_COMMA = YES;
				CLANG_WARN_CONSTANT_CONVERSION = YES;
				CLANG_WARN_DEPRECATED_OBJC_IMPLEMENTATIONS = YES;
				CLANG_WARN_DIRECT_OBJC_ISA_USAGE = YES_ERROR;
				CLANG_WARN_DOCUMENTATION_COMMENTS = YES;
				CLANG_WARN_EMPTY_BODY = YES;
				CLANG_WARN_ENUM_CONVERSION = YES;
				CLANG_WARN_INFINITE_RECURSION = YES;
				CLANG_WARN_INT_CONVERSION = YES;
				CLANG_WARN_NON_LITERAL_NULL_CONVERSION = YES;
				CLANG_WARN_OBJC_IMPLICIT_RETAIN_SELF = YES;
				CLANG_WARN_OBJC_LITERAL_CONVERSION = YES;
				CLANG_WARN_OBJC_ROOT_CLASS = YES_ERROR;
				CLANG_WARN_RANGE_LOOP_ANALYSIS = YES;
				CLANG_WARN_STRICT_PROTOTYPES = YES;
				CLANG_WARN_SUSPICIOUS_MOVE = YES;
				CLANG_WARN_UNGUARDED_AVAILABILITY = YES_AGGRESSIVE;
				CLANG_WARN_UNREACHABLE_CODE = YES;
				CLANG_WARN__DUPLICATE_METHOD_MATCH = YES;
				CODE_SIGN_IDENTITY = "iPhone Developer";
				COPY_PHASE_STRIP = NO;
				DEBUG_INFORMATION_FORMAT = dwarf;
				ENABLE_STRICT_OBJC_MSGSEND = YES;
				ENABLE_TESTABILITY = YES;
				GCC_C_LANGUAGE_STANDARD = gnu11;
				GCC_DYNAMIC_NO_PIC = NO;
				GCC_NO_COMMON_BLOCKS = YES;
				GCC_OPTIMIZATION_LEVEL = 0;
				GCC_PREPROCESSOR_DEFINITIONS = (
					"DEBUG=1",
					"$(inherited)",
				);
				GCC_WARN_64_TO_32_BIT_CONVERSION = YES;
				GCC_WARN_ABOUT_RETURN_TYPE = YES_ERROR;
				GCC_WARN_UNDECLARED_SELECTOR = YES;
				GCC_WARN_UNINITIALIZED_AUTOS = YES_AGGRESSIVE;
				GCC_WARN_UNUSED_FUNCTION = YES;
				GCC_WARN_UNUSED_VARIABLE = YES;
				IPHONEOS_DEPLOYMENT_TARGET = 11.1;
				MTL_ENABLE_DEBUG_INFO = INCLUDE_SOURCE;
				MTL_FAST_MATH = YES;
				ONLY_ACTIVE_ARCH = YES;
				SDKROOT = iphoneos;
				SWIFT_ACTIVE_COMPILATION_CONDITIONS = DEBUG;
				SWIFT_OPTIMIZATION_LEVEL = "-Onone";
			};
			name = Debug;
		};
		2B3DE0CB22463DBC004FEAB6 /* Release */ = {
			isa = XCBuildConfiguration;
			buildSettings = {
				ALWAYS_SEARCH_USER_PATHS = NO;
				CLANG_ANALYZER_NONNULL = YES;
				CLANG_ANALYZER_NUMBER_OBJECT_CONVERSION = YES_AGGRESSIVE;
				CLANG_CXX_LANGUAGE_STANDARD = "gnu++14";
				CLANG_CXX_LIBRARY = "libc++";
				CLANG_ENABLE_MODULES = YES;
				CLANG_ENABLE_OBJC_ARC = YES;
				CLANG_ENABLE_OBJC_WEAK = YES;
				CLANG_WARN_BLOCK_CAPTURE_AUTORELEASING = YES;
				CLANG_WARN_BOOL_CONVERSION = YES;
				CLANG_WARN_COMMA = YES;
				CLANG_WARN_CONSTANT_CONVERSION = YES;
				CLANG_WARN_DEPRECATED_OBJC_IMPLEMENTATIONS = YES;
				CLANG_WARN_DIRECT_OBJC_ISA_USAGE = YES_ERROR;
				CLANG_WARN_DOCUMENTATION_COMMENTS = YES;
				CLANG_WARN_EMPTY_BODY = YES;
				CLANG_WARN_ENUM_CONVERSION = YES;
				CLANG_WARN_INFINITE_RECURSION = YES;
				CLANG_WARN_INT_CONVERSION = YES;
				CLANG_WARN_NON_LITERAL_NULL_CONVERSION = YES;
				CLANG_WARN_OBJC_IMPLICIT_RETAIN_SELF = YES;
				CLANG_WARN_OBJC_LITERAL_CONVERSION = YES;
				CLANG_WARN_OBJC_ROOT_CLASS = YES_ERROR;
				CLANG_WARN_RANGE_LOOP_ANALYSIS = YES;
				CLANG_WARN_STRICT_PROTOTYPES = YES;
				CLANG_WARN_SUSPICIOUS_MOVE = YES;
				CLANG_WARN_UNGUARDED_AVAILABILITY = YES_AGGRESSIVE;
				CLANG_WARN_UNREACHABLE_CODE = YES;
				CLANG_WARN__DUPLICATE_METHOD_MATCH = YES;
				CODE_SIGN_IDENTITY = "iPhone Developer";
				COPY_PHASE_STRIP = NO;
				DEBUG_INFORMATION_FORMAT = "dwarf-with-dsym";
				ENABLE_NS_ASSERTIONS = NO;
				ENABLE_STRICT_OBJC_MSGSEND = YES;
				GCC_C_LANGUAGE_STANDARD = gnu11;
				GCC_NO_COMMON_BLOCKS = YES;
				GCC_WARN_64_TO_32_BIT_CONVERSION = YES;
				GCC_WARN_ABOUT_RETURN_TYPE = YES_ERROR;
				GCC_WARN_UNDECLARED_SELECTOR = YES;
				GCC_WARN_UNINITIALIZED_AUTOS = YES_AGGRESSIVE;
				GCC_WARN_UNUSED_FUNCTION = YES;
				GCC_WARN_UNUSED_VARIABLE = YES;
				IPHONEOS_DEPLOYMENT_TARGET = 11.1;
				MTL_ENABLE_DEBUG_INFO = NO;
				MTL_FAST_MATH = YES;
				SDKROOT = iphoneos;
				SWIFT_COMPILATION_MODE = wholemodule;
				SWIFT_OPTIMIZATION_LEVEL = "-O";
				VALIDATE_PRODUCT = YES;
			};
			name = Release;
		};
		2B3DE0CD22463DBC004FEAB6 /* Debug */ = {
			isa = XCBuildConfiguration;
			buildSettings = {
				ASSETCATALOG_COMPILER_APPICON_NAME = AppIcon;
				CODE_SIGN_STYLE = Automatic;
				DEVELOPMENT_TEAM = JJLJJKU7AK;
				INFOPLIST_FILE = testClient/Info.plist;
				LD_RUNPATH_SEARCH_PATHS = (
					"$(inherited)",
					"@executable_path/Frameworks",
				);
				PRODUCT_BUNDLE_IDENTIFIER = myCompany.testClient;
				PRODUCT_NAME = "$(TARGET_NAME)";
				SWIFT_VERSION = 4.2;
				TARGETED_DEVICE_FAMILY = "1,2";
			};
			name = Debug;
		};
		2B3DE0CE22463DBC004FEAB6 /* Release */ = {
			isa = XCBuildConfiguration;
			buildSettings = {
				ASSETCATALOG_COMPILER_APPICON_NAME = AppIcon;
				CODE_SIGN_STYLE = Automatic;
				DEVELOPMENT_TEAM = JJLJJKU7AK;
				INFOPLIST_FILE = testClient/Info.plist;
				LD_RUNPATH_SEARCH_PATHS = (
					"$(inherited)",
					"@executable_path/Frameworks",
				);
				PRODUCT_BUNDLE_IDENTIFIER = myCompany.testClient;
				PRODUCT_NAME = "$(TARGET_NAME)";
				SWIFT_VERSION = 4.2;
				TARGETED_DEVICE_FAMILY = "1,2";
			};
			name = Release;
		};
/* End XCBuildConfiguration section */

/* Begin XCConfigurationList section */
		2B3DE0B222463DBB004FEAB6 /* Build configuration list for PBXProject "testClient" */ = {
			isa = XCConfigurationList;
			buildConfigurations = (
				2B3DE0CA22463DBC004FEAB6 /* Debug */,
				2B3DE0CB22463DBC004FEAB6 /* Release */,
			);
			defaultConfigurationIsVisible = 0;
			defaultConfigurationName = Release;
		};
		2B3DE0CC22463DBC004FEAB6 /* Build configuration list for PBXNativeTarget "testClient" */ = {
			isa = XCConfigurationList;
			buildConfigurations = (
				2B3DE0CD22463DBC004FEAB6 /* Debug */,
				2B3DE0CE22463DBC004FEAB6 /* Release */,
			);
			defaultConfigurationIsVisible = 0;
			defaultConfigurationName = Release;
		};
/* End XCConfigurationList section */

/* Begin XCVersionGroup section */
		2B3DE0C122463DBB004FEAB6 /* testClient.xcdatamodeld */ = {
			isa = XCVersionGroup;
			children = (
				2B3DE0C222463DBB004FEAB6 /* testClient.xcdatamodel */,
			);
			currentVersion = 2B3DE0C222463DBB004FEAB6 /* testClient.xcdatamodel */;
			path = testClient.xcdatamodeld;
			sourceTree = "<group>";
			versionGroupType = wrapper.xcdatamodel;
		};
/* End XCVersionGroup section */
	};
	rootObject = 2B3DE0AF22463DBB004FEAB6 /* Project object */;
}
